// !$*UTF8*$!
{
	archiveVersion = 1;
	classes = {
	};
	objectVersion = 77;
	objects = {

/* Begin PBXBuildFile section */
		006650EE2F172A8600A2FDF6 /* README.md in Resources */ = {isa = PBXBuildFile; fileRef = 006650ED2F172A8300A2FDF6 /* README.md */; };
/* End PBXBuildFile section */

/* Begin PBXContainerItemProxy section */
		006650CD2F11E14500A2FDF6 /* PBXContainerItemProxy */ = {
			isa = PBXContainerItemProxy;
			containerPortal = 006650B72F11E14200A2FDF6 /* Project object */;
			proxyType = 1;
			remoteGlobalIDString = 006650BE2F11E14200A2FDF6;
			remoteInfo = FinaLive;
		};
		006650D72F11E14500A2FDF6 /* PBXContainerItemProxy */ = {
			isa = PBXContainerItemProxy;
			containerPortal = 006650B72F11E14200A2FDF6 /* Project object */;
			proxyType = 1;
			remoteGlobalIDString = 006650BE2F11E14200A2FDF6;
			remoteInfo = FinaLive;
		};
/* End PBXContainerItemProxy section */

/* Begin PBXFileReference section */
		006650BF2F11E14200A2FDF6 /* FinaLive.app */ = {isa = PBXFileReference; explicitFileType = wrapper.application; includeInIndex = 0; path = FinaLive.app; sourceTree = BUILT_PRODUCTS_DIR; };
		006650CC2F11E14500A2FDF6 /* FinaLiveTests.xctest */ = {isa = PBXFileReference; explicitFileType = wrapper.cfbundle; includeInIndex = 0; path = FinaLiveTests.xctest; sourceTree = BUILT_PRODUCTS_DIR; };
		006650D62F11E14500A2FDF6 /* FinaLiveUITests.xctest */ = {isa = PBXFileReference; explicitFileType = wrapper.cfbundle; includeInIndex = 0; path = FinaLiveUITests.xctest; sourceTree = BUILT_PRODUCTS_DIR; };
		006650ED2F172A8300A2FDF6 /* README.md */ = {isa = PBXFileReference; lastKnownFileType = net.daringfireball.markdown; path = README.md; sourceTree = "<group>"; };
/* End PBXFileReference section */

/* Begin PBXFileSystemSynchronizedBuildFileExceptionSet section */
		0066513D2F17339100A2FDF6 /* Exceptions for "App" folder in "FinaLive" target */ = {
			isa = PBXFileSystemSynchronizedBuildFileExceptionSet;
			membershipExceptions = (
				AppRouter.swift,
				FinaLiveApp.swift,
			);
			target = 006650BE2F11E14200A2FDF6 /* FinaLive */;
		};
		0066513E2F17339100A2FDF6 /* Exceptions for "Features" folder in "FinaLive" target */ = {
			isa = PBXFileSystemSynchronizedBuildFileExceptionSet;
			membershipExceptions = (
				AddTransaction/AddTransactionView.swift,
				AddTransaction/AddTransactionViewModel.swift,
				Core/Design/DesignSystem.swift,
				Auth/AuthView.swift,
				Auth/AuthViewModel.swift,
				Auth/LoginView.swift,
				Home/BalanceCardView.swift,
				Home/GoalsProgressCardView.swift,
				Home/HomeBottomNavigationView.swift,
				Home/HomeHeaderView.swift,
				Home/HomeView.swift,
				Home/HomeViewModel.swift,
				Home/RecentTransactionsView.swift,
				Home/TransactionAction.swift,
				Home/TransactionRowView.swift,
				IncomesExpenses/AddExpenseView.swift,
				IncomesExpenses/AddIncomeView.swift,
				Main/MainContainerView.swift,
				Notifications/Components/NotificationItemCell.swift,
				Notifications/NotificationsView.swift,
				Notifications/NotificationsViewModel.swift,
				Onboarding/OnboardingInterestsView.swift,
				Onboarding/OnboardingStep1View.swift,
				Onboarding/OnboardingStep2View.swift,
				Onboarding/OnboardingStep3View.swift,
				Onboarding/OnboardingView.swift,
				Onboarding/OnboardingViewModel.swift,
				Profile/ProfileView.swift,
				Profile/ProfileViewModel.swift,
			);
			target = 006650BE2F11E14200A2FDF6 /* FinaLive */;
		};
		0066513F2F17339100A2FDF6 /* Exceptions for "Resources" folder in "FinaLive" target */ = {
			isa = PBXFileSystemSynchronizedBuildFileExceptionSet;
			membershipExceptions = (
				Assets.xcassets,
			);
			target = 006650BE2F11E14200A2FDF6 /* FinaLive */;
		};
/* End PBXFileSystemSynchronizedBuildFileExceptionSet section */

/* Begin PBXFileSystemSynchronizedRootGroup section */
		006650CF2F11E14500A2FDF6 /* FinaLiveTests */ = {
			isa = PBXFileSystemSynchronizedRootGroup;
			path = FinaLiveTests;
			sourceTree = "<group>";
		};
		006650D92F11E14500A2FDF6 /* FinaLiveUITests */ = {
			isa = PBXFileSystemSynchronizedRootGroup;
			path = FinaLiveUITests;
			sourceTree = "<group>";
		};
		0066511E2F17339100A2FDF6 /* App */ = {
			isa = PBXFileSystemSynchronizedRootGroup;
			exceptions = (
				0066513D2F17339100A2FDF6 /* Exceptions for "App" folder in "FinaLive" target */,
			);
			path = App;
			sourceTree = "<group>";
		};
		006651212F17339100A2FDF6 /* Components */ = {
			isa = PBXFileSystemSynchronizedRootGroup;
			path = Components;
			sourceTree = "<group>";
		};
		006651252F17339100A2FDF6 /* Core */ = {
			isa = PBXFileSystemSynchronizedRootGroup;
			path = Core;
			sourceTree = "<group>";
		};
		0066512F2F17339100A2FDF6 /* Features */ = {
			isa = PBXFileSystemSynchronizedRootGroup;
			exceptions = (
				0066513E2F17339100A2FDF6 /* Exceptions for "Features" folder in "FinaLive" target */,
			);
			path = Features;
			sourceTree = "<group>";
		};
		006651322F17339100A2FDF6 /* Resources */ = {
			isa = PBXFileSystemSynchronizedRootGroup;
			exceptions = (
				0066513F2F17339100A2FDF6 /* Exceptions for "Resources" folder in "FinaLive" target */,
			);
			path = Resources;
			sourceTree = "<group>";
		};
		006651332F17339100A2FDF6 /* SupportingFiles */ = {
			isa = PBXFileSystemSynchronizedRootGroup;
			path = SupportingFiles;
			sourceTree = "<group>";
		};
/* End PBXFileSystemSynchronizedRootGroup section */

/* Begin PBXFrameworksBuildPhase section */
		006650BC2F11E14200A2FDF6 /* Frameworks */ = {
			isa = PBXFrameworksBuildPhase;
			buildActionMask = 2147483647;
			files = (
			);
			runOnlyForDeploymentPostprocessing = 0;
		};
		006650C92F11E14500A2FDF6 /* Frameworks */ = {
			isa = PBXFrameworksBuildPhase;
			buildActionMask = 2147483647;
			files = (
			);
			runOnlyForDeploymentPostprocessing = 0;
		};
		006650D32F11E14500A2FDF6 /* Frameworks */ = {
			isa = PBXFrameworksBuildPhase;
			buildActionMask = 2147483647;
			files = (
			);
			runOnlyForDeploymentPostprocessing = 0;
		};
/* End PBXFrameworksBuildPhase section */

/* Begin PBXGroup section */
		006650B62F11E14200A2FDF6 = {
			isa = PBXGroup;
			children = (
				006650ED2F172A8300A2FDF6 /* README.md */,
				0066511E2F17339100A2FDF6 /* App */,
				006651212F17339100A2FDF6 /* Components */,
				006651252F17339100A2FDF6 /* Core */,
				0066512F2F17339100A2FDF6 /* Features */,
				006651322F17339100A2FDF6 /* Resources */,
				006651332F17339100A2FDF6 /* SupportingFiles */,
				006650CF2F11E14500A2FDF6 /* FinaLiveTests */,
				006650D92F11E14500A2FDF6 /* FinaLiveUITests */,
				006650C02F11E14200A2FDF6 /* Products */,
			);
			sourceTree = "<group>";
		};
		006650C02F11E14200A2FDF6 /* Products */ = {
			isa = PBXGroup;
			children = (
				006650BF2F11E14200A2FDF6 /* FinaLive.app */,
				006650CC2F11E14500A2FDF6 /* FinaLiveTests.xctest */,
				006650D62F11E14500A2FDF6 /* FinaLiveUITests.xctest */,
			);
			name = Products;
			sourceTree = "<group>";
		};
/* End PBXGroup section */

/* Begin PBXNativeTarget section */
		006650BE2F11E14200A2FDF6 /* FinaLive */ = {
			isa = PBXNativeTarget;
			buildConfigurationList = 006650E02F11E14500A2FDF6 /* Build configuration list for PBXNativeTarget "FinaLive" */;
			buildPhases = (
				006650BB2F11E14200A2FDF6 /* Sources */,
				006650BC2F11E14200A2FDF6 /* Frameworks */,
				006650BD2F11E14200A2FDF6 /* Resources */,
			);
			buildRules = (
			);
			dependencies = (
			);
			fileSystemSynchronizedGroups = (
				006651212F17339100A2FDF6 /* Components */,
				006651252F17339100A2FDF6 /* Core */,
			);
			name = FinaLive;
			packageProductDependencies = (
			);
			productName = FinaLive;
			productReference = 006650BF2F11E14200A2FDF6 /* FinaLive.app */;
			productType = "com.apple.product-type.application";
		};
		006650CB2F11E14500A2FDF6 /* FinaLiveTests */ = {
			isa = PBXNativeTarget;
			buildConfigurationList = 006650E32F11E14500A2FDF6 /* Build configuration list for PBXNativeTarget "FinaLiveTests" */;
			buildPhases = (
				006650C82F11E14500A2FDF6 /* Sources */,
				006650C92F11E14500A2FDF6 /* Frameworks */,
				006650CA2F11E14500A2FDF6 /* Resources */,
			);
			buildRules = (
			);
			dependencies = (
				006650CE2F11E14500A2FDF6 /* PBXTargetDependency */,
			);
			fileSystemSynchronizedGroups = (
				006650CF2F11E14500A2FDF6 /* FinaLiveTests */,
			);
			name = FinaLiveTests;
			packageProductDependencies = (
			);
			productName = FinaLiveTests;
			productReference = 006650CC2F11E14500A2FDF6 /* FinaLiveTests.xctest */;
			productType = "com.apple.product-type.bundle.unit-test";
		};
		006650D52F11E14500A2FDF6 /* FinaLiveUITests */ = {
			isa = PBXNativeTarget;
			buildConfigurationList = 006650E62F11E14500A2FDF6 /* Build configuration list for PBXNativeTarget "FinaLiveUITests" */;
			buildPhases = (
				006650D22F11E14500A2FDF6 /* Sources */,
				006650D32F11E14500A2FDF6 /* Frameworks */,
				006650D42F11E14500A2FDF6 /* Resources */,
			);
			buildRules = (
			);
			dependencies = (
				006650D82F11E14500A2FDF6 /* PBXTargetDependency */,
			);
			fileSystemSynchronizedGroups = (
				006650D92F11E14500A2FDF6 /* FinaLiveUITests */,
			);
			name = FinaLiveUITests;
			packageProductDependencies = (
			);
			productName = FinaLiveUITests;
			productReference = 006650D62F11E14500A2FDF6 /* FinaLiveUITests.xctest */;
			productType = "com.apple.product-type.bundle.ui-testing";
		};
/* End PBXNativeTarget section */

/* Begin PBXProject section */
		006650B72F11E14200A2FDF6 /* Project object */ = {
			isa = PBXProject;
			attributes = {
				BuildIndependentTargetsInParallel = 1;
				LastSwiftUpdateCheck = 1640;
				LastUpgradeCheck = 2620;
				TargetAttributes = {
					006650BE2F11E14200A2FDF6 = {
						CreatedOnToolsVersion = 16.4;
					};
					006650CB2F11E14500A2FDF6 = {
						CreatedOnToolsVersion = 16.4;
						TestTargetID = 006650BE2F11E14200A2FDF6;
					};
					006650D52F11E14500A2FDF6 = {
						CreatedOnToolsVersion = 16.4;
						TestTargetID = 006650BE2F11E14200A2FDF6;
					};
				};
			};
			buildConfigurationList = 006650BA2F11E14200A2FDF6 /* Build configuration list for PBXProject "FinaLive" */;
			developmentRegion = en;
			hasScannedForEncodings = 0;
			knownRegions = (
				en,
				Base,
			);
			mainGroup = 006650B62F11E14200A2FDF6;
			minimizedProjectReferenceProxies = 1;
			preferredProjectObjectVersion = 77;
			productRefGroup = 006650C02F11E14200A2FDF6 /* Products */;
			projectDirPath = "";
			projectRoot = "";
			targets = (
				006650BE2F11E14200A2FDF6 /* FinaLive */,
				006650CB2F11E14500A2FDF6 /* FinaLiveTests */,
				006650D52F11E14500A2FDF6 /* FinaLiveUITests */,
			);
		};
/* End PBXProject section */

/* Begin PBXResourcesBuildPhase section */
		006650BD2F11E14200A2FDF6 /* Resources */ = {
			isa = PBXResourcesBuildPhase;
			buildActionMask = 2147483647;
			files = (
				006650EE2F172A8600A2FDF6 /* README.md in Resources */,
			);
			runOnlyForDeploymentPostprocessing = 0;
		};
		006650CA2F11E14500A2FDF6 /* Resources */ = {
			isa = PBXResourcesBuildPhase;
			buildActionMask = 2147483647;
			files = (
			);
			runOnlyForDeploymentPostprocessing = 0;
		};
		006650D42F11E14500A2FDF6 /* Resources */ = {
			isa = PBXResourcesBuildPhase;
			buildActionMask = 2147483647;
			files = (
			);
			runOnlyForDeploymentPostprocessing = 0;
		};
/* End PBXResourcesBuildPhase section */

/* Begin PBXSourcesBuildPhase section */
		006650BB2F11E14200A2FDF6 /* Sources */ = {
			isa = PBXSourcesBuildPhase;
			buildActionMask = 2147483647;
			files = (
			);
			runOnlyForDeploymentPostprocessing = 0;
		};
		006650C82F11E14500A2FDF6 /* Sources */ = {
			isa = PBXSourcesBuildPhase;
			buildActionMask = 2147483647;
			files = (
			);
			runOnlyForDeploymentPostprocessing = 0;
		};
		006650D22F11E14500A2FDF6 /* Sources */ = {
			isa = PBXSourcesBuildPhase;
			buildActionMask = 2147483647;
			files = (
			);
			runOnlyForDeploymentPostprocessing = 0;
		};
/* End PBXSourcesBuildPhase section */

/* Begin PBXTargetDependency section */
		006650CE2F11E14500A2FDF6 /* PBXTargetDependency */ = {
			isa = PBXTargetDependency;
			target = 006650BE2F11E14200A2FDF6 /* FinaLive */;
			targetProxy = 006650CD2F11E14500A2FDF6 /* PBXContainerItemProxy */;
		};
		006650D82F11E14500A2FDF6 /* PBXTargetDependency */ = {
			isa = PBXTargetDependency;
			target = 006650BE2F11E14200A2FDF6 /* FinaLive */;
			targetProxy = 006650D72F11E14500A2FDF6 /* PBXContainerItemProxy */;
		};
/* End PBXTargetDependency section */

/* Begin XCBuildConfiguration section */
		006650DE2F11E14500A2FDF6 /* Debug */ = {
			isa = XCBuildConfiguration;
			buildSettings = {
				ALWAYS_SEARCH_USER_PATHS = NO;
				ASSETCATALOG_COMPILER_GENERATE_SWIFT_ASSET_SYMBOL_EXTENSIONS = YES;
				CLANG_ANALYZER_NONNULL = YES;
				CLANG_ANALYZER_NUMBER_OBJECT_CONVERSION = YES_AGGRESSIVE;
				CLANG_CXX_LANGUAGE_STANDARD = "gnu++20";
				CLANG_ENABLE_MODULES = YES;
				CLANG_ENABLE_OBJC_ARC = YES;
				CLANG_ENABLE_OBJC_WEAK = YES;
				CLANG_WARN_BLOCK_CAPTURE_AUTORELEASING = YES;
				CLANG_WARN_BOOL_CONVERSION = YES;
				CLANG_WARN_COMMA = YES;
				CLANG_WARN_CONSTANT_CONVERSION = YES;
				CLANG_WARN_DEPRECATED_OBJC_IMPLEMENTATIONS = YES;
				CLANG_WARN_DIRECT_OBJC_ISA_USAGE = YES_ERROR;
				CLANG_WARN_DOCUMENTATION_COMMENTS = YES;
				CLANG_WARN_EMPTY_BODY = YES;
				CLANG_WARN_ENUM_CONVERSION = YES;
				CLANG_WARN_INFINITE_RECURSION = YES;
				CLANG_WARN_INT_CONVERSION = YES;
				CLANG_WARN_NON_LITERAL_NULL_CONVERSION = YES;
				CLANG_WARN_OBJC_IMPLICIT_RETAIN_SELF = YES;
				CLANG_WARN_OBJC_LITERAL_CONVERSION = YES;
				CLANG_WARN_OBJC_ROOT_CLASS = YES_ERROR;
				CLANG_WARN_QUOTED_INCLUDE_IN_FRAMEWORK_HEADER = YES;
				CLANG_WARN_RANGE_LOOP_ANALYSIS = YES;
				CLANG_WARN_STRICT_PROTOTYPES = YES;
				CLANG_WARN_SUSPICIOUS_MOVE = YES;
				CLANG_WARN_UNGUARDED_AVAILABILITY = YES_AGGRESSIVE;
				CLANG_WARN_UNREACHABLE_CODE = YES;
				CLANG_WARN__DUPLICATE_METHOD_MATCH = YES;
				COPY_PHASE_STRIP = NO;
				DEBUG_INFORMATION_FORMAT = dwarf;
				DEVELOPMENT_TEAM = 9TXYG596B8;
				ENABLE_STRICT_OBJC_MSGSEND = YES;
				ENABLE_TESTABILITY = YES;
				ENABLE_USER_SCRIPT_SANDBOXING = YES;
				GCC_C_LANGUAGE_STANDARD = gnu17;
				GCC_DYNAMIC_NO_PIC = NO;
				GCC_NO_COMMON_BLOCKS = YES;
				GCC_OPTIMIZATION_LEVEL = 0;
				GCC_PREPROCESSOR_DEFINITIONS = (
					"DEBUG=1",
					"$(inherited)",
				);
				GCC_WARN_64_TO_32_BIT_CONVERSION = YES;
				GCC_WARN_ABOUT_RETURN_TYPE = YES_ERROR;
				GCC_WARN_UNDECLARED_SELECTOR = YES;
				GCC_WARN_UNINITIALIZED_AUTOS = YES_AGGRESSIVE;
				GCC_WARN_UNUSED_FUNCTION = YES;
				GCC_WARN_UNUSED_VARIABLE = YES;
				IPHONEOS_DEPLOYMENT_TARGET = 18.5;
				LOCALIZATION_PREFERS_STRING_CATALOGS = YES;
				MTL_ENABLE_DEBUG_INFO = INCLUDE_SOURCE;
				MTL_FAST_MATH = YES;
				ONLY_ACTIVE_ARCH = YES;
				SDKROOT = iphoneos;
				STRING_CATALOG_GENERATE_SYMBOLS = YES;
				SWIFT_ACTIVE_COMPILATION_CONDITIONS = "DEBUG $(inherited)";
				SWIFT_OPTIMIZATION_LEVEL = "-Onone";
			};
			name = Debug;
		};
		006650DF2F11E14500A2FDF6 /* Release */ = {
			isa = XCBuildConfiguration;
			buildSettings = {
				ALWAYS_SEARCH_USER_PATHS = NO;
				ASSETCATALOG_COMPILER_GENERATE_SWIFT_ASSET_SYMBOL_EXTENSIONS = YES;
				CLANG_ANALYZER_NONNULL = YES;
				CLANG_ANALYZER_NUMBER_OBJECT_CONVERSION = YES_AGGRESSIVE;
				CLANG_CXX_LANGUAGE_STANDARD = "gnu++20";
				CLANG_ENABLE_MODULES = YES;
				CLANG_ENABLE_OBJC_ARC = YES;
				CLANG_ENABLE_OBJC_WEAK = YES;
				CLANG_WARN_BLOCK_CAPTURE_AUTORELEASING = YES;
				CLANG_WARN_BOOL_CONVERSION = YES;
				CLANG_WARN_COMMA = YES;
				CLANG_WARN_CONSTANT_CONVERSION = YES;
				CLANG_WARN_DEPRECATED_OBJC_IMPLEMENTATIONS = YES;
				CLANG_WARN_DIRECT_OBJC_ISA_USAGE = YES_ERROR;
				CLANG_WARN_DOCUMENTATION_COMMENTS = YES;
				CLANG_WARN_EMPTY_BODY = YES;
				CLANG_WARN_ENUM_CONVERSION = YES;
				CLANG_WARN_INFINITE_RECURSION = YES;
				CLANG_WARN_INT_CONVERSION = YES;
				CLANG_WARN_NON_LITERAL_NULL_CONVERSION = YES;
				CLANG_WARN_OBJC_IMPLICIT_RETAIN_SELF = YES;
				CLANG_WARN_OBJC_LITERAL_CONVERSION = YES;
				CLANG_WARN_OBJC_ROOT_CLASS = YES_ERROR;
				CLANG_WARN_QUOTED_INCLUDE_IN_FRAMEWORK_HEADER = YES;
				CLANG_WARN_RANGE_LOOP_ANALYSIS = YES;
				CLANG_WARN_STRICT_PROTOTYPES = YES;
				CLANG_WARN_SUSPICIOUS_MOVE = YES;
				CLANG_WARN_UNGUARDED_AVAILABILITY = YES_AGGRESSIVE;
				CLANG_WARN_UNREACHABLE_CODE = YES;
				CLANG_WARN__DUPLICATE_METHOD_MATCH = YES;
				COPY_PHASE_STRIP = NO;
				DEBUG_INFORMATION_FORMAT = "dwarf-with-dsym";
				DEVELOPMENT_TEAM = 9TXYG596B8;
				ENABLE_NS_ASSERTIONS = NO;
				ENABLE_STRICT_OBJC_MSGSEND = YES;
				ENABLE_USER_SCRIPT_SANDBOXING = YES;
				GCC_C_LANGUAGE_STANDARD = gnu17;
				GCC_NO_COMMON_BLOCKS = YES;
				GCC_WARN_64_TO_32_BIT_CONVERSION = YES;
				GCC_WARN_ABOUT_RETURN_TYPE = YES_ERROR;
				GCC_WARN_UNDECLARED_SELECTOR = YES;
				GCC_WARN_UNINITIALIZED_AUTOS = YES_AGGRESSIVE;
				GCC_WARN_UNUSED_FUNCTION = YES;
				GCC_WARN_UNUSED_VARIABLE = YES;
				IPHONEOS_DEPLOYMENT_TARGET = 18.5;
				LOCALIZATION_PREFERS_STRING_CATALOGS = YES;
				MTL_ENABLE_DEBUG_INFO = NO;
				MTL_FAST_MATH = YES;
				SDKROOT = iphoneos;
				STRING_CATALOG_GENERATE_SYMBOLS = YES;
				SWIFT_COMPILATION_MODE = wholemodule;
				VALIDATE_PRODUCT = YES;
			};
			name = Release;
		};
		006650E12F11E14500A2FDF6 /* Debug */ = {
			isa = XCBuildConfiguration;
			buildSettings = {
				ASSETCATALOG_COMPILER_APPICON_NAME = AppIcon;
				ASSETCATALOG_COMPILER_GLOBAL_ACCENT_COLOR_NAME = AccentColor;
				CODE_SIGN_STYLE = Automatic;
				CURRENT_PROJECT_VERSION = 1;
				DEVELOPMENT_TEAM = 9TXYG596B8;
				ENABLE_PREVIEWS = YES;
				GENERATE_INFOPLIST_FILE = YES;
				INFOPLIST_KEY_UIApplicationSceneManifest_Generation = YES;
				INFOPLIST_KEY_UIApplicationSupportsIndirectInputEvents = YES;
				INFOPLIST_KEY_UILaunchScreen_Generation = YES;
				INFOPLIST_KEY_UISupportedInterfaceOrientations_iPad = "UIInterfaceOrientationPortrait UIInterfaceOrientationPortraitUpsideDown UIInterfaceOrientationLandscapeLeft UIInterfaceOrientationLandscapeRight";
				INFOPLIST_KEY_UISupportedInterfaceOrientations_iPhone = "UIInterfaceOrientationPortrait UIInterfaceOrientationLandscapeLeft UIInterfaceOrientationLandscapeRight";
				LD_RUNPATH_SEARCH_PATHS = (
					"$(inherited)",
					"@executable_path/Frameworks",
				);
				MARKETING_VERSION = 1.0;
				PRODUCT_BUNDLE_IDENTIFIER = com.SergioSanta.FinaLive;
				PRODUCT_NAME = "$(TARGET_NAME)";
				SWIFT_EMIT_LOC_STRINGS = YES;
				SWIFT_VERSION = 5.0;
				TARGETED_DEVICE_FAMILY = "1,2";
			};
			name = Debug;
		};
		006650E22F11E14500A2FDF6 /* Release */ = {
			isa = XCBuildConfiguration;
			buildSettings = {
				ASSETCATALOG_COMPILER_APPICON_NAME = AppIcon;
				ASSETCATALOG_COMPILER_GLOBAL_ACCENT_COLOR_NAME = AccentColor;
				CODE_SIGN_STYLE = Automatic;
				CURRENT_PROJECT_VERSION = 1;
				DEVELOPMENT_TEAM = 9TXYG596B8;
				ENABLE_PREVIEWS = YES;
				GENERATE_INFOPLIST_FILE = YES;
				INFOPLIST_KEY_UIApplicationSceneManifest_Generation = YES;
				INFOPLIST_KEY_UIApplicationSupportsIndirectInputEvents = YES;
				INFOPLIST_KEY_UILaunchScreen_Generation = YES;
				INFOPLIST_KEY_UISupportedInterfaceOrientations_iPad = "UIInterfaceOrientationPortrait UIInterfaceOrientationPortraitUpsideDown UIInterfaceOrientationLandscapeLeft UIInterfaceOrientationLandscapeRight";
				INFOPLIST_KEY_UISupportedInterfaceOrientations_iPhone = "UIInterfaceOrientationPortrait UIInterfaceOrientationLandscapeLeft UIInterfaceOrientationLandscapeRight";
				LD_RUNPATH_SEARCH_PATHS = (
					"$(inherited)",
					"@executable_path/Frameworks",
				);
				MARKETING_VERSION = 1.0;
				PRODUCT_BUNDLE_IDENTIFIER = com.SergioSanta.FinaLive;
				PRODUCT_NAME = "$(TARGET_NAME)";
				SWIFT_EMIT_LOC_STRINGS = YES;
				SWIFT_VERSION = 5.0;
				TARGETED_DEVICE_FAMILY = "1,2";
			};
			name = Release;
		};
		006650E42F11E14500A2FDF6 /* Debug */ = {
			isa = XCBuildConfiguration;
			buildSettings = {
				BUNDLE_LOADER = "$(TEST_HOST)";
				CODE_SIGN_STYLE = Automatic;
				CURRENT_PROJECT_VERSION = 1;
				DEVELOPMENT_TEAM = 9TXYG596B8;
				GENERATE_INFOPLIST_FILE = YES;
				IPHONEOS_DEPLOYMENT_TARGET = 18.5;
				MARKETING_VERSION = 1.0;
				PRODUCT_BUNDLE_IDENTIFIER = com.SergioSanta.FinaLiveTests;
				PRODUCT_NAME = "$(TARGET_NAME)";
				SWIFT_EMIT_LOC_STRINGS = NO;
				SWIFT_VERSION = 5.0;
				TARGETED_DEVICE_FAMILY = "1,2";
				TEST_HOST = "$(BUILT_PRODUCTS_DIR)/FinaLive.app/$(BUNDLE_EXECUTABLE_FOLDER_PATH)/FinaLive";
			};
			name = Debug;
		};
		006650E52F11E14500A2FDF6 /* Release */ = {
			isa = XCBuildConfiguration;
			buildSettings = {
				BUNDLE_LOADER = "$(TEST_HOST)";
				CODE_SIGN_STYLE = Automatic;
				CURRENT_PROJECT_VERSION = 1;
				DEVELOPMENT_TEAM = 9TXYG596B8;
				GENERATE_INFOPLIST_FILE = YES;
				IPHONEOS_DEPLOYMENT_TARGET = 18.5;
				MARKETING_VERSION = 1.0;
				PRODUCT_BUNDLE_IDENTIFIER = com.SergioSanta.FinaLiveTests;
				PRODUCT_NAME = "$(TARGET_NAME)";
				SWIFT_EMIT_LOC_STRINGS = NO;
				SWIFT_VERSION = 5.0;
				TARGETED_DEVICE_FAMILY = "1,2";
				TEST_HOST = "$(BUILT_PRODUCTS_DIR)/FinaLive.app/$(BUNDLE_EXECUTABLE_FOLDER_PATH)/FinaLive";
			};
			name = Release;
		};
		006650E72F11E14500A2FDF6 /* Debug */ = {
			isa = XCBuildConfiguration;
			buildSettings = {
				CODE_SIGN_STYLE = Automatic;
				CURRENT_PROJECT_VERSION = 1;
				DEVELOPMENT_TEAM = 9TXYG596B8;
				GENERATE_INFOPLIST_FILE = YES;
				MARKETING_VERSION = 1.0;
				PRODUCT_BUNDLE_IDENTIFIER = com.SergioSanta.FinaLiveUITests;
				PRODUCT_NAME = "$(TARGET_NAME)";
				SWIFT_EMIT_LOC_STRINGS = NO;
				SWIFT_VERSION = 5.0;
				TARGETED_DEVICE_FAMILY = "1,2";
				TEST_TARGET_NAME = FinaLive;
			};
			name = Debug;
		};
		006650E82F11E14500A2FDF6 /* Release */ = {
			isa = XCBuildConfiguration;
			buildSettings = {
				CODE_SIGN_STYLE = Automatic;
				CURRENT_PROJECT_VERSION = 1;
				DEVELOPMENT_TEAM = 9TXYG596B8;
				GENERATE_INFOPLIST_FILE = YES;
				MARKETING_VERSION = 1.0;
				PRODUCT_BUNDLE_IDENTIFIER = com.SergioSanta.FinaLiveUITests;
				PRODUCT_NAME = "$(TARGET_NAME)";
				SWIFT_EMIT_LOC_STRINGS = NO;
				SWIFT_VERSION = 5.0;
				TARGETED_DEVICE_FAMILY = "1,2";
				TEST_TARGET_NAME = FinaLive;
			};
			name = Release;
		};
/* End XCBuildConfiguration section */

/* Begin XCConfigurationList section */
		006650BA2F11E14200A2FDF6 /* Build configuration list for PBXProject "FinaLive" */ = {
			isa = XCConfigurationList;
			buildConfigurations = (
				006650DE2F11E14500A2FDF6 /* Debug */,
				006650DF2F11E14500A2FDF6 /* Release */,
			);
			defaultConfigurationIsVisible = 0;
			defaultConfigurationName = Release;
		};
		006650E02F11E14500A2FDF6 /* Build configuration list for PBXNativeTarget "FinaLive" */ = {
			isa = XCConfigurationList;
			buildConfigurations = (
				006650E12F11E14500A2FDF6 /* Debug */,
				006650E22F11E14500A2FDF6 /* Release */,
			);
			defaultConfigurationIsVisible = 0;
			defaultConfigurationName = Release;
		};
		006650E32F11E14500A2FDF6 /* Build configuration list for PBXNativeTarget "FinaLiveTests" */ = {
			isa = XCConfigurationList;
			buildConfigurations = (
				006650E42F11E14500A2FDF6 /* Debug */,
				006650E52F11E14500A2FDF6 /* Release */,
			);
			defaultConfigurationIsVisible = 0;
			defaultConfigurationName = Release;
		};
		006650E62F11E14500A2FDF6 /* Build configuration list for PBXNativeTarget "FinaLiveUITests" */ = {
			isa = XCConfigurationList;
			buildConfigurations = (
				006650E72F11E14500A2FDF6 /* Debug */,
				006650E82F11E14500A2FDF6 /* Release */,
			);
			defaultConfigurationIsVisible = 0;
			defaultConfigurationName = Release;
		};
/* End XCConfigurationList section */
	};
	rootObject = 006650B72F11E14200A2FDF6 /* Project object */;
}
